
Microsoft Visual Studio Solution File, Format Version 12.00
# Visual Studio Version 17
VisualStudioVersion = 17.0.31903.59
MinimumVisualStudioVersion = 10.0.40219.1
Project("{2150E333-8FDC-42A3-9474-1A3956D46DE8}") = "src", "src", "{ACE725EB-632A-46C3-830B-FC6BF9F5B56C}"
EndProject
Project("{2150E333-8FDC-42A3-9474-1A3956D46DE8}") = "Api", "Api", "{D3F742A3-E26E-4856-BE93-138F7E44A0BE}"
EndProject
Project("{2150E333-8FDC-42A3-9474-1A3956D46DE8}") = "Clients", "Clients", "{C68DD143-BAE7-441F-97AD-4096B607E652}"
EndProject
Project("{2150E333-8FDC-42A3-9474-1A3956D46DE8}") = "Projections", "Projections", "{8CABE07C-19C8-43CE-A3FB-49EE5D400169}"
EndProject
Project("{2150E333-8FDC-42A3-9474-1A3956D46DE8}") = "Core", "Core", "{8F7F3A9F-7BE9-4337-84E9-7AFDF79D483B}"
EndProject
Project("{2150E333-8FDC-42A3-9474-1A3956D46DE8}") = "Infrastructure", "Infrastructure", "{10B6FAFE-C2AC-4030-9768-2D6CE828A089}"
EndProject
Project("{2150E333-8FDC-42A3-9474-1A3956D46DE8}") = "WebApi", "WebApi", "{344D9171-A4EE-4F8D-96E3-751683D73C8A}"
EndProject
Project("{FAE04EC0-301F-11D3-BF4B-00C04F79EFBC}") = "EksiSozluk.Api.Application", "src\Api\Core\EksiSozluk.Api.Application\EksiSozluk.Api.Application.csproj", "{09850C26-FF9E-46F4-B753-C0C86D4B003B}"
EndProject
Project("{FAE04EC0-301F-11D3-BF4B-00C04F79EFBC}") = "EksiSozluk.Api.Infrastructure.Persistence", "src\Api\Infrastructure\EksiSozluk.Api.Infrastructure.Persistence\EksiSozluk.Api.Infrastructure.Persistence.csproj", "{C98EB23A-671F-4663-8AEF-4DBFCE6D8B60}"
EndProject
Project("{FAE04EC0-301F-11D3-BF4B-00C04F79EFBC}") = "EksiSozluk.Api.WebApi", "src\Api\WebApi\EksiSozluk.Api.WebApi\EksiSozluk.Api.WebApi.csproj", "{BAAB7E9E-D5DD-487E-8463-CC4EA892BA21}"
EndProject
Project("{FAE04EC0-301F-11D3-BF4B-00C04F79EFBC}") = "EksiSozluk.WebApp", "src\Clients\EksiSozluk.WebApp\EksiSozluk.WebApp.csproj", "{D29A9DBC-AB37-4A0F-8585-1BE0FC7717D6}"
EndProject
Project("{FAE04EC0-301F-11D3-BF4B-00C04F79EFBC}") = "EksiSozluk.Projections.UserService", "src\Projections\EksiSozluk.Projections.UserService\EksiSozluk.Projections.UserService.csproj", "{45A7BEB0-04D3-4DEC-8B7C-4C1698A8E7DD}"
EndProject
Project("{FAE04EC0-301F-11D3-BF4B-00C04F79EFBC}") = "EksiSozluk.Projections.FavoriteService", "src\Projections\EksiSozluk.Projections.FavoriteService\EksiSozluk.Projections.FavoriteService.csproj", "{D54F150C-3224-4BD6-B32C-551CDB50CEAA}"
EndProject
Project("{FAE04EC0-301F-11D3-BF4B-00C04F79EFBC}") = "EksiSozluk.Projections.VoteService", "src\Projections\EksiSozluk.Projections.VoteService\EksiSozluk.Projections.VoteService.csproj", "{A21271D3-220A-43FF-86D5-692A3C63578A}"
EndProject
Project("{FAE04EC0-301F-11D3-BF4B-00C04F79EFBC}") = "EksiSozluk.Api.Domain", "src\Api\Core\EksiSozluk.Api.Domain\EksiSozluk.Api.Domain.csproj", "{53E19B48-EB34-48ED-A748-E63671D691E3}"
EndProject
Global
	GlobalSection(SolutionConfigurationPlatforms) = preSolution
		Debug|Any CPU = Debug|Any CPU
		Release|Any CPU = Release|Any CPU
	EndGlobalSection
	GlobalSection(SolutionProperties) = preSolution
		HideSolutionNode = FALSE
	EndGlobalSection
	GlobalSection(ProjectConfigurationPlatforms) = postSolution
		{09850C26-FF9E-46F4-B753-C0C86D4B003B}.Debug|Any CPU.ActiveCfg = Debug|Any CPU
		{09850C26-FF9E-46F4-B753-C0C86D4B003B}.Debug|Any CPU.Build.0 = Debug|Any CPU
		{09850C26-FF9E-46F4-B753-C0C86D4B003B}.Release|Any CPU.ActiveCfg = Release|Any CPU
		{09850C26-FF9E-46F4-B753-C0C86D4B003B}.Release|Any CPU.Build.0 = Release|Any CPU
		{C98EB23A-671F-4663-8AEF-4DBFCE6D8B60}.Debug|Any CPU.ActiveCfg = Debug|Any CPU
		{C98EB23A-671F-4663-8AEF-4DBFCE6D8B60}.Debug|Any CPU.Build.0 = Debug|Any CPU
		{C98EB23A-671F-4663-8AEF-4DBFCE6D8B60}.Release|Any CPU.ActiveCfg = Release|Any CPU
		{C98EB23A-671F-4663-8AEF-4DBFCE6D8B60}.Release|Any CPU.Build.0 = Release|Any CPU
		{BAAB7E9E-D5DD-487E-8463-CC4EA892BA21}.Debug|Any CPU.ActiveCfg = Debug|Any CPU
		{BAAB7E9E-D5DD-487E-8463-CC4EA892BA21}.Debug|Any CPU.Build.0 = Debug|Any CPU
		{BAAB7E9E-D5DD-487E-8463-CC4EA892BA21}.Release|Any CPU.ActiveCfg = Release|Any CPU
		{BAAB7E9E-D5DD-487E-8463-CC4EA892BA21}.Release|Any CPU.Build.0 = Release|Any CPU
		{D29A9DBC-AB37-4A0F-8585-1BE0FC7717D6}.Debug|Any CPU.ActiveCfg = Debug|Any CPU
		{D29A9DBC-AB37-4A0F-8585-1BE0FC7717D6}.Debug|Any CPU.Build.0 = Debug|Any CPU
		{D29A9DBC-AB37-4A0F-8585-1BE0FC7717D6}.Release|Any CPU.ActiveCfg = Release|Any CPU
		{D29A9DBC-AB37-4A0F-8585-1BE0FC7717D6}.Release|Any CPU.Build.0 = Release|Any CPU
		{45A7BEB0-04D3-4DEC-8B7C-4C1698A8E7DD}.Debug|Any CPU.ActiveCfg = Debug|Any CPU
		{45A7BEB0-04D3-4DEC-8B7C-4C1698A8E7DD}.Debug|Any CPU.Build.0 = Debug|Any CPU
		{45A7BEB0-04D3-4DEC-8B7C-4C1698A8E7DD}.Release|Any CPU.ActiveCfg = Release|Any CPU
		{45A7BEB0-04D3-4DEC-8B7C-4C1698A8E7DD}.Release|Any CPU.Build.0 = Release|Any CPU
		{D54F150C-3224-4BD6-B32C-551CDB50CEAA}.Debug|Any CPU.ActiveCfg = Debug|Any CPU
		{D54F150C-3224-4BD6-B32C-551CDB50CEAA}.Debug|Any CPU.Build.0 = Debug|Any CPU
		{D54F150C-3224-4BD6-B32C-551CDB50CEAA}.Release|Any CPU.ActiveCfg = Release|Any CPU
		{D54F150C-3224-4BD6-B32C-551CDB50CEAA}.Release|Any CPU.Build.0 = Release|Any CPU
		{A21271D3-220A-43FF-86D5-692A3C63578A}.Debug|Any CPU.ActiveCfg = Debug|Any CPU
		{A21271D3-220A-43FF-86D5-692A3C63578A}.Debug|Any CPU.Build.0 = Debug|Any CPU
		{A21271D3-220A-43FF-86D5-692A3C63578A}.Release|Any CPU.ActiveCfg = Release|Any CPU
		{A21271D3-220A-43FF-86D5-692A3C63578A}.Release|Any CPU.Build.0 = Release|Any CPU
		{53E19B48-EB34-48ED-A748-E63671D691E3}.Debug|Any CPU.ActiveCfg = Debug|Any CPU
		{53E19B48-EB34-48ED-A748-E63671D691E3}.Debug|Any CPU.Build.0 = Debug|Any CPU
		{53E19B48-EB34-48ED-A748-E63671D691E3}.Release|Any CPU.ActiveCfg = Release|Any CPU
		{53E19B48-EB34-48ED-A748-E63671D691E3}.Release|Any CPU.Build.0 = Release|Any CPU
	EndGlobalSection
	GlobalSection(NestedProjects) = preSolution
		{D3F742A3-E26E-4856-BE93-138F7E44A0BE} = {ACE725EB-632A-46C3-830B-FC6BF9F5B56C}
		{C68DD143-BAE7-441F-97AD-4096B607E652} = {ACE725EB-632A-46C3-830B-FC6BF9F5B56C}
		{8CABE07C-19C8-43CE-A3FB-49EE5D400169} = {ACE725EB-632A-46C3-830B-FC6BF9F5B56C}
		{8F7F3A9F-7BE9-4337-84E9-7AFDF79D483B} = {D3F742A3-E26E-4856-BE93-138F7E44A0BE}
		{10B6FAFE-C2AC-4030-9768-2D6CE828A089} = {D3F742A3-E26E-4856-BE93-138F7E44A0BE}
		{344D9171-A4EE-4F8D-96E3-751683D73C8A} = {D3F742A3-E26E-4856-BE93-138F7E44A0BE}
		{09850C26-FF9E-46F4-B753-C0C86D4B003B} = {8F7F3A9F-7BE9-4337-84E9-7AFDF79D483B}
		{C98EB23A-671F-4663-8AEF-4DBFCE6D8B60} = {10B6FAFE-C2AC-4030-9768-2D6CE828A089}
		{BAAB7E9E-D5DD-487E-8463-CC4EA892BA21} = {344D9171-A4EE-4F8D-96E3-751683D73C8A}
		{D29A9DBC-AB37-4A0F-8585-1BE0FC7717D6} = {C68DD143-BAE7-441F-97AD-4096B607E652}
		{45A7BEB0-04D3-4DEC-8B7C-4C1698A8E7DD} = {8CABE07C-19C8-43CE-A3FB-49EE5D400169}
		{D54F150C-3224-4BD6-B32C-551CDB50CEAA} = {8CABE07C-19C8-43CE-A3FB-49EE5D400169}
		{A21271D3-220A-43FF-86D5-692A3C63578A} = {8CABE07C-19C8-43CE-A3FB-49EE5D400169}
		{53E19B48-EB34-48ED-A748-E63671D691E3} = {8F7F3A9F-7BE9-4337-84E9-7AFDF79D483B}
	EndGlobalSection
EndGlobal
